<?xml version="1.0" encoding="utf-8"?>
<Project ToolsVersion="4.0" xmlns="http://schemas.microsoft.com/developer/msbuild/2003">
  <ItemGroup>
    <Filter Include="Source Files">
      <UniqueIdentifier>{4FC737F1-C7A5-4376-A066-2A32D752A2FF}</UniqueIdentifier>
      <Extensions>cpp;c;cc;cxx;c++;cppm;ixx;def;odl;idl;hpj;bat;asm;asmx</Extensions>
    </Filter>
    <Filter Include="Header Files">
      <UniqueIdentifier>{93995380-89BD-4b04-88EB-625FBE52EBFB}</UniqueIdentifier>
      <Extensions>h;hh;hpp;hxx;h++;hm;inl;inc;ipp;xsd</Extensions>
    </Filter>
    <Filter Include="Resource Files">
      <UniqueIdentifier>{67DA6AB6-F800-4c08-8B7A-83BB121AAD01}</UniqueIdentifier>
      <Extensions>rc;ico;cur;bmp;dlg;rc2;rct;bin;rgs;gif;jpg;jpeg;jpe;resx;tiff;tif;png;wav;mfcribbon-ms</Extensions>
    </Filter>
    <Filter Include="Source Files\Particles">
      <UniqueIdentifier>{21d2d84f-f912-4662-abf7-07f3789f8bc4}</UniqueIdentifier>
    </Filter>
    <Filter Include="Source Files\Core">
      <UniqueIdentifier>{644c38c8-8879-4e25-9256-7df77b4c0093}</UniqueIdentifier>
    </Filter>
    <Filter Include="Source Files\Core\States">
      <UniqueIdentifier>{bdc0315d-b668-4a33-9ed6-2fbb826c6b77}</UniqueIdentifier>
    </Filter>
  </ItemGroup>
  <ItemGroup>
    <ClCompile Include="main.cpp">
      <Filter>Source Files</Filter>
    </ClCompile>
    <ClCompile Include="Particles\Particle.cpp">
      <Filter>Source Files\Particles</Filter>
    </ClCompile>
    <ClCompile Include="Particles\ParticleBuilder.cpp">
      <Filter>Source Files\Particles</Filter>
    </ClCompile>
    <ClCompile Include="Core\Application.cpp">
      <Filter>Source Files\Core</Filter>
    </ClCompile>
    <ClCompile Include="Core\SettingsMgr.cpp">
      <Filter>Source Files\Core</Filter>
    </ClCompile>
    <ClCompile Include="Core\MainActionState.cpp">
      <Filter>Source Files\Core\States</Filter>
    </ClCompile>
  </ItemGroup>
  <ItemGroup>
    <ClInclude Include="Particles\Particle.h">
      <Filter>Source Files\Particles</Filter>
    </ClInclude>
    <ClInclude Include="Particles\ParticleBuilder.h">
      <Filter>Source Files\Particles</Filter>
    </ClInclude>
    <ClInclude Include="Core\Application.h">
      <Filter>Source Files\Core</Filter>
    </ClInclude>
    <ClInclude Include="Core\GraphicsSettings.h">
      <Filter>Source Files\Core</Filter>
    </ClInclude>
    <ClInclude Include="Core\SettingsMgr.h">
      <Filter>Source Files\Core</Filter>
    </ClInclude>
    <ClInclude Include="Core\State.h">
      <Filter>Source Files\Core\States</Filter>
    </ClInclude>
    <ClInclude Include="Core\MainActionState.h">
      <Filter>Source Files\Core\States</Filter>
    </ClInclude>
    <ClInclude Include="CommonUtils.h">
      <Filter>Source Files</Filter>
    </ClInclude>
  </ItemGroup>
</Project>